
Microsoft Visual Studio Solution File, Format Version 12.00
# Visual Studio Version 16
VisualStudioVersion = 25.0.1706.13
MinimumVisualStudioVersion = 10.0.40219.1
Project("{FAE04EC0-301F-11D3-BF4B-00C04F79EFBC}") = "TaskSchedulerWebApp", "TaskSchedulerWebApp\TaskSchedulerWebApp.csproj", "{21277D4A-100B-4825-ACC2-60BFB88782AF}"
EndProject
Global
	GlobalSection(SolutionConfigurationPlatforms) = preSolution
		Debug|Any CPU = Debug|Any CPU
		Release|Any CPU = Release|Any CPU
	EndGlobalSection
	GlobalSection(ProjectConfigurationPlatforms) = postSolution
		{21277D4A-100B-4825-ACC2-60BFB88782AF}.Debug|Any CPU.ActiveCfg = Debug|Any CPU
		{21277D4A-100B-4825-ACC2-60BFB88782AF}.Debug|Any CPU.Build.0 = Debug|Any CPU
		{21277D4A-100B-4825-ACC2-60BFB88782AF}.Release|Any CPU.ActiveCfg = Release|Any CPU
		{21277D4A-100B-4825-ACC2-60BFB88782AF}.Release|Any CPU.Build.0 = Release|Any CPU
	EndGlobalSection
	GlobalSection(SolutionProperties) = preSolution
		HideSolutionNode = FALSE
	EndGlobalSection
	GlobalSection(ExtensibilityGlobals) = postSolution
		SolutionGuid = {609733D4-9D32-4F2D-BC2E-A24D8BF61B75}
	EndGlobalSection
EndGlobal
